
Microsoft Visual Studio Solution File, Format Version 11.00
# Visual Studio 2010
Project("{FAE04EC0-301F-11D3-BF4B-00C04F79EFBC}") = "ContadorBinario", "NetduinoSample\ContadorBinario.csproj", "{0B79F6E0-BD23-4CDD-8F1B-47140A80615C}"
EndProject
Global
	GlobalSection(SolutionConfigurationPlatforms) = preSolution
		Debug|Any CPU = Debug|Any CPU
		Release|Any CPU = Release|Any CPU
	EndGlobalSection
	GlobalSection(ProjectConfigurationPlatforms) = postSolution
		{0B79F6E0-BD23-4CDD-8F1B-47140A80615C}.Debug|Any CPU.ActiveCfg = Debug|Any CPU
		{0B79F6E0-BD23-4CDD-8F1B-47140A80615C}.Debug|Any CPU.Build.0 = Debug|Any CPU
		{0B79F6E0-BD23-4CDD-8F1B-47140A80615C}.Debug|Any CPU.Deploy.0 = Debug|Any CPU
		{0B79F6E0-BD23-4CDD-8F1B-47140A80615C}.Release|Any CPU.ActiveCfg = Release|Any CPU
		{0B79F6E0-BD23-4CDD-8F1B-47140A80615C}.Release|Any CPU.Build.0 = Release|Any CPU
		{0B79F6E0-BD23-4CDD-8F1B-47140A80615C}.Release|Any CPU.Deploy.0 = Release|Any CPU
	EndGlobalSection
	GlobalSection(SolutionProperties) = preSolution
		HideSolutionNode = FALSE
	EndGlobalSection
EndGlobal
